
Microsoft Visual Studio Solution File, Format Version 12.00
# Visual Studio Version 17
VisualStudioVersion = 17.0.31717.71
MinimumVisualStudioVersion = 10.0.40219.1
Project("{FAE04EC0-301F-11D3-BF4B-00C04F79EFBC}") = "QuizExperiment.Models", "QuizExperiment.Models\QuizExperiment.Models.csproj", "{E8197852-DD7D-4246-8F27-4135A885F322}"
EndProject
Project("{FAE04EC0-301F-11D3-BF4B-00C04F79EFBC}") = "QuizExperiment.Repository", "QuizExperiment.Repository\QuizExperiment.Repository.csproj", "{590FAA35-F9D1-4027-8026-FA291FE44708}"
EndProject
Global
	GlobalSection(SolutionConfigurationPlatforms) = preSolution
		Debug|Any CPU = Debug|Any CPU
		Release|Any CPU = Release|Any CPU
	EndGlobalSection
	GlobalSection(ProjectConfigurationPlatforms) = postSolution
		{E8197852-DD7D-4246-8F27-4135A885F322}.Debug|Any CPU.ActiveCfg = Debug|Any CPU
		{E8197852-DD7D-4246-8F27-4135A885F322}.Debug|Any CPU.Build.0 = Debug|Any CPU
		{E8197852-DD7D-4246-8F27-4135A885F322}.Release|Any CPU.ActiveCfg = Release|Any CPU
		{E8197852-DD7D-4246-8F27-4135A885F322}.Release|Any CPU.Build.0 = Release|Any CPU
		{590FAA35-F9D1-4027-8026-FA291FE44708}.Debug|Any CPU.ActiveCfg = Debug|Any CPU
		{590FAA35-F9D1-4027-8026-FA291FE44708}.Debug|Any CPU.Build.0 = Debug|Any CPU
		{590FAA35-F9D1-4027-8026-FA291FE44708}.Release|Any CPU.ActiveCfg = Release|Any CPU
		{590FAA35-F9D1-4027-8026-FA291FE44708}.Release|Any CPU.Build.0 = Release|Any CPU
	EndGlobalSection
	GlobalSection(SolutionProperties) = preSolution
		HideSolutionNode = FALSE
	EndGlobalSection
	GlobalSection(ExtensibilityGlobals) = postSolution
		SolutionGuid = {65A9EE64-C69D-4C6A-A30D-EE022E1BD923}
	EndGlobalSection
EndGlobal
