
Microsoft Visual Studio Solution File, Format Version 12.00
# Visual Studio Version 17
VisualStudioVersion = 17.0.31717.71
MinimumVisualStudioVersion = 10.0.40219.1
Project("{9A19103F-16F7-4668-BE54-9A1E7A4F7556}") = "QuizExperiment.Models", "QuizExperiment.Models\QuizExperiment.Models.csproj", "{E8197852-DD7D-4246-8F27-4135A885F322}"
EndProject
Project("{9A19103F-16F7-4668-BE54-9A1E7A4F7556}") = "QuizExperiment.Admin.Server", "QuizExperiment.Admin\Server\QuizExperiment.Admin.Server.csproj", "{40DCED9E-6DFA-428C-968D-315DCA608B4F}"
EndProject
Project("{9A19103F-16F7-4668-BE54-9A1E7A4F7556}") = "QuizExperiment.Admin.Client", "QuizExperiment.Admin\Client\QuizExperiment.Admin.Client.csproj", "{2E605310-F8A0-4338-B91C-0001FC018E83}"
EndProject
Project("{2150E333-8FDC-42A3-9474-1A3956D46DE8}") = "Env", "Env", "{33E368B8-092B-4F3A-A3DB-C35B044981C8}"
	ProjectSection(SolutionItems) = preProject
		Env\main.bicep = Env\main.bicep
		Env\notes.md = Env\notes.md
		Env\rbac.bicep = Env\rbac.bicep
	EndProjectSection
EndProject
Project("{2150E333-8FDC-42A3-9474-1A3956D46DE8}") = "Solution Items", "Solution Items", "{8EC462FD-D22E-90A8-E5CE-7E832BA40C5D}"
	ProjectSection(SolutionItems) = preProject
		test.http = test.http
	EndProjectSection
EndProject
Project("{FAE04EC0-301F-11D3-BF4B-00C04F79EFBC}") = "QuizExperiment.Models.Test", "QuizExperiment.Models.Test\QuizExperiment.Models.Test.csproj", "{2CA0F51F-525A-47AB-B27C-6594180CDC8D}"
EndProject
Global
	GlobalSection(SolutionConfigurationPlatforms) = preSolution
		Debug|Any CPU = Debug|Any CPU
		Release|Any CPU = Release|Any CPU
	EndGlobalSection
	GlobalSection(ProjectConfigurationPlatforms) = postSolution
		{E8197852-DD7D-4246-8F27-4135A885F322}.Debug|Any CPU.ActiveCfg = Debug|Any CPU
		{E8197852-DD7D-4246-8F27-4135A885F322}.Debug|Any CPU.Build.0 = Debug|Any CPU
		{E8197852-DD7D-4246-8F27-4135A885F322}.Release|Any CPU.ActiveCfg = Release|Any CPU
		{E8197852-DD7D-4246-8F27-4135A885F322}.Release|Any CPU.Build.0 = Release|Any CPU
		{40DCED9E-6DFA-428C-968D-315DCA608B4F}.Debug|Any CPU.ActiveCfg = Debug|Any CPU
		{40DCED9E-6DFA-428C-968D-315DCA608B4F}.Debug|Any CPU.Build.0 = Debug|Any CPU
		{40DCED9E-6DFA-428C-968D-315DCA608B4F}.Release|Any CPU.ActiveCfg = Release|Any CPU
		{40DCED9E-6DFA-428C-968D-315DCA608B4F}.Release|Any CPU.Build.0 = Release|Any CPU
		{2E605310-F8A0-4338-B91C-0001FC018E83}.Debug|Any CPU.ActiveCfg = Debug|Any CPU
		{2E605310-F8A0-4338-B91C-0001FC018E83}.Debug|Any CPU.Build.0 = Debug|Any CPU
		{2E605310-F8A0-4338-B91C-0001FC018E83}.Release|Any CPU.ActiveCfg = Release|Any CPU
		{2E605310-F8A0-4338-B91C-0001FC018E83}.Release|Any CPU.Build.0 = Release|Any CPU
		{2CA0F51F-525A-47AB-B27C-6594180CDC8D}.Debug|Any CPU.ActiveCfg = Debug|Any CPU
		{2CA0F51F-525A-47AB-B27C-6594180CDC8D}.Debug|Any CPU.Build.0 = Debug|Any CPU
		{2CA0F51F-525A-47AB-B27C-6594180CDC8D}.Release|Any CPU.ActiveCfg = Release|Any CPU
		{2CA0F51F-525A-47AB-B27C-6594180CDC8D}.Release|Any CPU.Build.0 = Release|Any CPU
	EndGlobalSection
	GlobalSection(SolutionProperties) = preSolution
		HideSolutionNode = FALSE
	EndGlobalSection
	GlobalSection(ExtensibilityGlobals) = postSolution
		SolutionGuid = {65A9EE64-C69D-4C6A-A30D-EE022E1BD923}
	EndGlobalSection
EndGlobal
